
Microsoft Visual Studio Solution File, Format Version 12.00
# Visual Studio 14
VisualStudioVersion = 14.0.25420.1
MinimumVisualStudioVersion = 10.0.40219.1
Project("{FAE04EC0-301F-11D3-BF4B-00C04F79EFBC}") = "exceptions-q2", "exceptions-q2\exceptions-q2.csproj", "{C5910F7D-6D21-42F0-87B5-F4F4150875EB}"
EndProject
Global
	GlobalSection(SolutionConfigurationPlatforms) = preSolution
		Debug|Any CPU = Debug|Any CPU
		Release|Any CPU = Release|Any CPU
	EndGlobalSection
	GlobalSection(ProjectConfigurationPlatforms) = postSolution
		{C5910F7D-6D21-42F0-87B5-F4F4150875EB}.Debug|Any CPU.ActiveCfg = Debug|Any CPU
		{C5910F7D-6D21-42F0-87B5-F4F4150875EB}.Debug|Any CPU.Build.0 = Debug|Any CPU
		{C5910F7D-6D21-42F0-87B5-F4F4150875EB}.Release|Any CPU.ActiveCfg = Release|Any CPU
		{C5910F7D-6D21-42F0-87B5-F4F4150875EB}.Release|Any CPU.Build.0 = Release|Any CPU
	EndGlobalSection
	GlobalSection(SolutionProperties) = preSolution
		HideSolutionNode = FALSE
	EndGlobalSection
EndGlobal
